// !$*UTF8*$!
{
	archiveVersion = 1;
	classes = {
	};
	objectVersion = 50;
	objects = {

/* Begin PBXBuildFile section */
		2934DBF321FB54E100778B2F /* AppDelegate.swift in Sources */ = {isa = PBXBuildFile; fileRef = 2934DBF221FB54E100778B2F /* AppDelegate.swift */; };
		2934DBFA21FB54E400778B2F /* Assets.xcassets in Resources */ = {isa = PBXBuildFile; fileRef = 2934DBF921FB54E400778B2F /* Assets.xcassets */; };
		2934DBFD21FB54E400778B2F /* LaunchScreen.storyboard in Resources */ = {isa = PBXBuildFile; fileRef = 2934DBFB21FB54E400778B2F /* LaunchScreen.storyboard */; };
		2934DC0821FB54E400778B2F /* ExampleTests.swift in Sources */ = {isa = PBXBuildFile; fileRef = 2934DC0721FB54E400778B2F /* ExampleTests.swift */; };
		2934DC1421FB559C00778B2F /* Routes.swift in Sources */ = {isa = PBXBuildFile; fileRef = 2934DC1321FB559C00778B2F /* Routes.swift */; };
		2934DC1721FB56C000778B2F /* ExampleTabCoordinator.swift in Sources */ = {isa = PBXBuildFile; fileRef = 2934DC1621FB56C000778B2F /* ExampleTabCoordinator.swift */; };
		2934DC1921FB581D00778B2F /* Container.swift in Sources */ = {isa = PBXBuildFile; fileRef = 2934DC1821FB581D00778B2F /* Container.swift */; };
		2934DC1F21FB646F00778B2F /* MainCoordinator.swift in Sources */ = {isa = PBXBuildFile; fileRef = 2934DC1E21FB646F00778B2F /* MainCoordinator.swift */; };
		2934DC2321FB735900778B2F /* ExampleModalCoordinator.swift in Sources */ = {isa = PBXBuildFile; fileRef = 2934DC2221FB735900778B2F /* ExampleModalCoordinator.swift */; };
		2934DC2721FB764C00778B2F /* ExampleDetailViewController.swift in Sources */ = {isa = PBXBuildFile; fileRef = 2934DC2621FB764C00778B2F /* ExampleDetailViewController.swift */; };
		2934DC2B21FB775300778B2F /* ExampleModel.swift in Sources */ = {isa = PBXBuildFile; fileRef = 2934DC2A21FB775300778B2F /* ExampleModel.swift */; };
		2934DC2D21FB799D00778B2F /* ExampleDetailViewModel.swift in Sources */ = {isa = PBXBuildFile; fileRef = 2934DC2C21FB799D00778B2F /* ExampleDetailViewModel.swift */; };
		2934DC3021FB7F9300778B2F /* Router.swift in Sources */ = {isa = PBXBuildFile; fileRef = 2934DC2F21FB7F9300778B2F /* Router.swift */; };
		59DBC3ED6E12D4526B97F73B /* Pods_Example.framework in Frameworks */ = {isa = PBXBuildFile; fileRef = E04A98E024BA192D1A145AB9 /* Pods_Example.framework */; };
		B36C930487C1CCE35360B6E6 /* Pods_ExampleTests.framework in Frameworks */ = {isa = PBXBuildFile; fileRef = E492638D37FA2151762EEF36 /* Pods_ExampleTests.framework */; };
/* End PBXBuildFile section */

/* Begin PBXContainerItemProxy section */
		2934DC0421FB54E400778B2F /* PBXContainerItemProxy */ = {
			isa = PBXContainerItemProxy;
			containerPortal = 2934DBE721FB54E100778B2F /* Project object */;
			proxyType = 1;
			remoteGlobalIDString = 2934DBEE21FB54E100778B2F;
			remoteInfo = Example;
		};
/* End PBXContainerItemProxy section */

/* Begin PBXFileReference section */
		03DF07747399C7BB41E9AB56 /* Pods-Example.debug.xcconfig */ = {isa = PBXFileReference; includeInIndex = 1; lastKnownFileType = text.xcconfig; name = "Pods-Example.debug.xcconfig"; path = "Pods/Target Support Files/Pods-Example/Pods-Example.debug.xcconfig"; sourceTree = "<group>"; };
		1A5BDE99EF317CD3E9A7B70A /* Pods-Example.release.xcconfig */ = {isa = PBXFileReference; includeInIndex = 1; lastKnownFileType = text.xcconfig; name = "Pods-Example.release.xcconfig"; path = "Pods/Target Support Files/Pods-Example/Pods-Example.release.xcconfig"; sourceTree = "<group>"; };
		212216BB20346B85C622E789 /* Pods-ExampleTests.release.xcconfig */ = {isa = PBXFileReference; includeInIndex = 1; lastKnownFileType = text.xcconfig; name = "Pods-ExampleTests.release.xcconfig"; path = "Pods/Target Support Files/Pods-ExampleTests/Pods-ExampleTests.release.xcconfig"; sourceTree = "<group>"; };
		2934DBEF21FB54E100778B2F /* Example.app */ = {isa = PBXFileReference; explicitFileType = wrapper.application; includeInIndex = 0; path = Example.app; sourceTree = BUILT_PRODUCTS_DIR; };
		2934DBF221FB54E100778B2F /* AppDelegate.swift */ = {isa = PBXFileReference; lastKnownFileType = sourcecode.swift; path = AppDelegate.swift; sourceTree = "<group>"; };
		2934DBF921FB54E400778B2F /* Assets.xcassets */ = {isa = PBXFileReference; lastKnownFileType = folder.assetcatalog; path = Assets.xcassets; sourceTree = "<group>"; };
		2934DBFC21FB54E400778B2F /* Base */ = {isa = PBXFileReference; lastKnownFileType = file.storyboard; name = Base; path = Base.lproj/LaunchScreen.storyboard; sourceTree = "<group>"; };
		2934DBFE21FB54E400778B2F /* Info.plist */ = {isa = PBXFileReference; lastKnownFileType = text.plist.xml; path = Info.plist; sourceTree = "<group>"; };
		2934DC0321FB54E400778B2F /* ExampleTests.xctest */ = {isa = PBXFileReference; explicitFileType = wrapper.cfbundle; includeInIndex = 0; path = ExampleTests.xctest; sourceTree = BUILT_PRODUCTS_DIR; };
		2934DC0721FB54E400778B2F /* ExampleTests.swift */ = {isa = PBXFileReference; lastKnownFileType = sourcecode.swift; path = ExampleTests.swift; sourceTree = "<group>"; };
		2934DC0921FB54E400778B2F /* Info.plist */ = {isa = PBXFileReference; lastKnownFileType = text.plist.xml; path = Info.plist; sourceTree = "<group>"; };
		2934DC1321FB559C00778B2F /* Routes.swift */ = {isa = PBXFileReference; lastKnownFileType = sourcecode.swift; path = Routes.swift; sourceTree = "<group>"; };
		2934DC1621FB56C000778B2F /* ExampleTabCoordinator.swift */ = {isa = PBXFileReference; lastKnownFileType = sourcecode.swift; path = ExampleTabCoordinator.swift; sourceTree = "<group>"; };
		2934DC1821FB581D00778B2F /* Container.swift */ = {isa = PBXFileReference; lastKnownFileType = sourcecode.swift; path = Container.swift; sourceTree = "<group>"; };
		2934DC1E21FB646F00778B2F /* MainCoordinator.swift */ = {isa = PBXFileReference; lastKnownFileType = sourcecode.swift; path = MainCoordinator.swift; sourceTree = "<group>"; };
		2934DC2221FB735900778B2F /* ExampleModalCoordinator.swift */ = {isa = PBXFileReference; lastKnownFileType = sourcecode.swift; path = ExampleModalCoordinator.swift; sourceTree = "<group>"; };
		2934DC2621FB764C00778B2F /* ExampleDetailViewController.swift */ = {isa = PBXFileReference; lastKnownFileType = sourcecode.swift; path = ExampleDetailViewController.swift; sourceTree = "<group>"; };
		2934DC2A21FB775300778B2F /* ExampleModel.swift */ = {isa = PBXFileReference; lastKnownFileType = sourcecode.swift; path = ExampleModel.swift; sourceTree = "<group>"; };
		2934DC2C21FB799D00778B2F /* ExampleDetailViewModel.swift */ = {isa = PBXFileReference; lastKnownFileType = sourcecode.swift; path = ExampleDetailViewModel.swift; sourceTree = "<group>"; };
		2934DC2F21FB7F9300778B2F /* Router.swift */ = {isa = PBXFileReference; lastKnownFileType = sourcecode.swift; path = Router.swift; sourceTree = "<group>"; };
		482F6B601999F3583E05895F /* Pods-ExampleTests.debug.xcconfig */ = {isa = PBXFileReference; includeInIndex = 1; lastKnownFileType = text.xcconfig; name = "Pods-ExampleTests.debug.xcconfig"; path = "Pods/Target Support Files/Pods-ExampleTests/Pods-ExampleTests.debug.xcconfig"; sourceTree = "<group>"; };
		E04A98E024BA192D1A145AB9 /* Pods_Example.framework */ = {isa = PBXFileReference; explicitFileType = wrapper.framework; includeInIndex = 0; path = Pods_Example.framework; sourceTree = BUILT_PRODUCTS_DIR; };
		E492638D37FA2151762EEF36 /* Pods_ExampleTests.framework */ = {isa = PBXFileReference; explicitFileType = wrapper.framework; includeInIndex = 0; path = Pods_ExampleTests.framework; sourceTree = BUILT_PRODUCTS_DIR; };
/* End PBXFileReference section */

/* Begin PBXFrameworksBuildPhase section */
		2934DBEC21FB54E100778B2F /* Frameworks */ = {
			isa = PBXFrameworksBuildPhase;
			buildActionMask = 2147483647;
			files = (
				59DBC3ED6E12D4526B97F73B /* Pods_Example.framework in Frameworks */,
			);
			runOnlyForDeploymentPostprocessing = 0;
		};
		2934DC0021FB54E400778B2F /* Frameworks */ = {
			isa = PBXFrameworksBuildPhase;
			buildActionMask = 2147483647;
			files = (
				B36C930487C1CCE35360B6E6 /* Pods_ExampleTests.framework in Frameworks */,
			);
			runOnlyForDeploymentPostprocessing = 0;
		};
/* End PBXFrameworksBuildPhase section */

/* Begin PBXGroup section */
		2934DBE621FB54E100778B2F = {
			isa = PBXGroup;
			children = (
				2934DBF121FB54E100778B2F /* Source */,
				2934DC0621FB54E400778B2F /* UnitTests */,
				2934DBF021FB54E100778B2F /* Products */,
				536E1D90795959BE1069CA2B /* Pods */,
				32DD70937B5AAB996A35517C /* Frameworks */,
			);
			sourceTree = "<group>";
		};
		2934DBF021FB54E100778B2F /* Products */ = {
			isa = PBXGroup;
			children = (
				2934DBEF21FB54E100778B2F /* Example.app */,
				2934DC0321FB54E400778B2F /* ExampleTests.xctest */,
			);
			name = Products;
			sourceTree = "<group>";
		};
		2934DBF121FB54E100778B2F /* Source */ = {
			isa = PBXGroup;
			children = (
				2934DC2421FB761100778B2F /* Components */,
				2934DC1221FB558900778B2F /* Config */,
				2934DC2E21FB7F8100778B2F /* Utils */,
				2934DBF921FB54E400778B2F /* Assets.xcassets */,
				2934DBFB21FB54E400778B2F /* LaunchScreen.storyboard */,
				2934DBFE21FB54E400778B2F /* Info.plist */,
			);
			path = Source;
			sourceTree = "<group>";
		};
		2934DC0621FB54E400778B2F /* UnitTests */ = {
			isa = PBXGroup;
			children = (
				2934DC0721FB54E400778B2F /* ExampleTests.swift */,
				2934DC0921FB54E400778B2F /* Info.plist */,
			);
			path = UnitTests;
			sourceTree = "<group>";
		};
		2934DC1221FB558900778B2F /* Config */ = {
			isa = PBXGroup;
			children = (
				2934DBF221FB54E100778B2F /* AppDelegate.swift */,
				2934DC1821FB581D00778B2F /* Container.swift */,
				2934DC1321FB559C00778B2F /* Routes.swift */,
			);
			path = Config;
			sourceTree = "<group>";
		};
		2934DC1521FB56AE00778B2F /* Coordinators */ = {
			isa = PBXGroup;
			children = (
				2934DC1E21FB646F00778B2F /* MainCoordinator.swift */,
				2934DC2221FB735900778B2F /* ExampleModalCoordinator.swift */,
				2934DC1621FB56C000778B2F /* ExampleTabCoordinator.swift */,
			);
			path = Coordinators;
			sourceTree = "<group>";
		};
		2934DC2421FB761100778B2F /* Components */ = {
			isa = PBXGroup;
			children = (
				2934DC1521FB56AE00778B2F /* Coordinators */,
				2934DC2521FB762100778B2F /* Views */,
				2934DC2921FB76DB00778B2F /* Models */,
			);
			path = Components;
			sourceTree = "<group>";
		};
		2934DC2521FB762100778B2F /* Views */ = {
			isa = PBXGroup;
			children = (
				2934DC2821FB76A200778B2F /* ExampleDetail */,
			);
			path = Views;
			sourceTree = "<group>";
		};
		2934DC2821FB76A200778B2F /* ExampleDetail */ = {
			isa = PBXGroup;
			children = (
				2934DC2621FB764C00778B2F /* ExampleDetailViewController.swift */,
				2934DC2C21FB799D00778B2F /* ExampleDetailViewModel.swift */,
			);
			path = ExampleDetail;
			sourceTree = "<group>";
		};
		2934DC2921FB76DB00778B2F /* Models */ = {
			isa = PBXGroup;
			children = (
				2934DC2A21FB775300778B2F /* ExampleModel.swift */,
			);
			path = Models;
			sourceTree = "<group>";
		};
		2934DC2E21FB7F8100778B2F /* Utils */ = {
			isa = PBXGroup;
			children = (
				2934DC2F21FB7F9300778B2F /* Router.swift */,
			);
			path = Utils;
			sourceTree = "<group>";
		};
		32DD70937B5AAB996A35517C /* Frameworks */ = {
			isa = PBXGroup;
			children = (
				E04A98E024BA192D1A145AB9 /* Pods_Example.framework */,
				E492638D37FA2151762EEF36 /* Pods_ExampleTests.framework */,
			);
			name = Frameworks;
			sourceTree = "<group>";
		};
		536E1D90795959BE1069CA2B /* Pods */ = {
			isa = PBXGroup;
			children = (
				03DF07747399C7BB41E9AB56 /* Pods-Example.debug.xcconfig */,
				1A5BDE99EF317CD3E9A7B70A /* Pods-Example.release.xcconfig */,
				482F6B601999F3583E05895F /* Pods-ExampleTests.debug.xcconfig */,
				212216BB20346B85C622E789 /* Pods-ExampleTests.release.xcconfig */,
			);
			name = Pods;
			sourceTree = "<group>";
		};
/* End PBXGroup section */

/* Begin PBXNativeTarget section */
		2934DBEE21FB54E100778B2F /* Example */ = {
			isa = PBXNativeTarget;
			buildConfigurationList = 2934DC0C21FB54E400778B2F /* Build configuration list for PBXNativeTarget "Example" */;
			buildPhases = (
				B562DD36D25D67BCD9626212 /* [CP] Check Pods Manifest.lock */,
				2934DBEB21FB54E100778B2F /* Sources */,
				2934DBEC21FB54E100778B2F /* Frameworks */,
				2934DBED21FB54E100778B2F /* Resources */,
				40AA7623FB14C314C7A07748 /* [CP] Embed Pods Frameworks */,
			);
			buildRules = (
			);
			dependencies = (
			);
			name = Example;
			productName = Example;
			productReference = 2934DBEF21FB54E100778B2F /* Example.app */;
			productType = "com.apple.product-type.application";
		};
		2934DC0221FB54E400778B2F /* ExampleTests */ = {
			isa = PBXNativeTarget;
			buildConfigurationList = 2934DC0F21FB54E400778B2F /* Build configuration list for PBXNativeTarget "ExampleTests" */;
			buildPhases = (
				5FD0D2863419BB23A8C31C21 /* [CP] Check Pods Manifest.lock */,
				2934DBFF21FB54E400778B2F /* Sources */,
				2934DC0021FB54E400778B2F /* Frameworks */,
				2934DC0121FB54E400778B2F /* Resources */,
			);
			buildRules = (
			);
			dependencies = (
				2934DC0521FB54E400778B2F /* PBXTargetDependency */,
			);
			name = ExampleTests;
			productName = ExampleTests;
			productReference = 2934DC0321FB54E400778B2F /* ExampleTests.xctest */;
			productType = "com.apple.product-type.bundle.unit-test";
		};
/* End PBXNativeTarget section */

/* Begin PBXProject section */
		2934DBE721FB54E100778B2F /* Project object */ = {
			isa = PBXProject;
			attributes = {
				LastSwiftUpdateCheck = 1010;
				LastUpgradeCheck = 1010;
				ORGANIZATIONNAME = "Reece Como";
				TargetAttributes = {
					2934DBEE21FB54E100778B2F = {
						CreatedOnToolsVersion = 10.1;
					};
					2934DC0221FB54E400778B2F = {
						CreatedOnToolsVersion = 10.1;
						TestTargetID = 2934DBEE21FB54E100778B2F;
					};
				};
			};
			buildConfigurationList = 2934DBEA21FB54E100778B2F /* Build configuration list for PBXProject "Example" */;
			compatibilityVersion = "Xcode 9.3";
			developmentRegion = en;
			hasScannedForEncodings = 0;
			knownRegions = (
				en,
				Base,
			);
			mainGroup = 2934DBE621FB54E100778B2F;
			productRefGroup = 2934DBF021FB54E100778B2F /* Products */;
			projectDirPath = "";
			projectRoot = "";
			targets = (
				2934DBEE21FB54E100778B2F /* Example */,
				2934DC0221FB54E400778B2F /* ExampleTests */,
			);
		};
/* End PBXProject section */

/* Begin PBXResourcesBuildPhase section */
		2934DBED21FB54E100778B2F /* Resources */ = {
			isa = PBXResourcesBuildPhase;
			buildActionMask = 2147483647;
			files = (
				2934DBFD21FB54E400778B2F /* LaunchScreen.storyboard in Resources */,
				2934DBFA21FB54E400778B2F /* Assets.xcassets in Resources */,
			);
			runOnlyForDeploymentPostprocessing = 0;
		};
		2934DC0121FB54E400778B2F /* Resources */ = {
			isa = PBXResourcesBuildPhase;
			buildActionMask = 2147483647;
			files = (
			);
			runOnlyForDeploymentPostprocessing = 0;
		};
/* End PBXResourcesBuildPhase section */

/* Begin PBXShellScriptBuildPhase section */
		40AA7623FB14C314C7A07748 /* [CP] Embed Pods Frameworks */ = {
			isa = PBXShellScriptBuildPhase;
			buildActionMask = 2147483647;
			files = (
			);
			inputFileListPaths = (
			);
			inputPaths = (
				"${SRCROOT}/Pods/Target Support Files/Pods-Example/Pods-Example-frameworks.sh",
				"${BUILT_PRODUCTS_DIR}/XRouter/XRouter.framework",
			);
			name = "[CP] Embed Pods Frameworks";
			outputFileListPaths = (
			);
			outputPaths = (
				"${TARGET_BUILD_DIR}/${FRAMEWORKS_FOLDER_PATH}/XRouter.framework",
			);
			runOnlyForDeploymentPostprocessing = 0;
			shellPath = /bin/sh;
			shellScript = "\"${SRCROOT}/Pods/Target Support Files/Pods-Example/Pods-Example-frameworks.sh\"\n";
			showEnvVarsInLog = 0;
		};
		5FD0D2863419BB23A8C31C21 /* [CP] Check Pods Manifest.lock */ = {
			isa = PBXShellScriptBuildPhase;
			buildActionMask = 2147483647;
			files = (
			);
			inputFileListPaths = (
			);
			inputPaths = (
				"${PODS_PODFILE_DIR_PATH}/Podfile.lock",
				"${PODS_ROOT}/Manifest.lock",
			);
			name = "[CP] Check Pods Manifest.lock";
			outputFileListPaths = (
			);
			outputPaths = (
				"$(DERIVED_FILE_DIR)/Pods-ExampleTests-checkManifestLockResult.txt",
			);
			runOnlyForDeploymentPostprocessing = 0;
			shellPath = /bin/sh;
			shellScript = "diff \"${PODS_PODFILE_DIR_PATH}/Podfile.lock\" \"${PODS_ROOT}/Manifest.lock\" > /dev/null\nif [ $? != 0 ] ; then\n    # print error to STDERR\n    echo \"error: The sandbox is not in sync with the Podfile.lock. Run 'pod install' or update your CocoaPods installation.\" >&2\n    exit 1\nfi\n# This output is used by Xcode 'outputs' to avoid re-running this script phase.\necho \"SUCCESS\" > \"${SCRIPT_OUTPUT_FILE_0}\"\n";
			showEnvVarsInLog = 0;
		};
		B562DD36D25D67BCD9626212 /* [CP] Check Pods Manifest.lock */ = {
			isa = PBXShellScriptBuildPhase;
			buildActionMask = 2147483647;
			files = (
			);
			inputFileListPaths = (
			);
			inputPaths = (
				"${PODS_PODFILE_DIR_PATH}/Podfile.lock",
				"${PODS_ROOT}/Manifest.lock",
			);
			name = "[CP] Check Pods Manifest.lock";
			outputFileListPaths = (
			);
			outputPaths = (
				"$(DERIVED_FILE_DIR)/Pods-Example-checkManifestLockResult.txt",
			);
			runOnlyForDeploymentPostprocessing = 0;
			shellPath = /bin/sh;
			shellScript = "diff \"${PODS_PODFILE_DIR_PATH}/Podfile.lock\" \"${PODS_ROOT}/Manifest.lock\" > /dev/null\nif [ $? != 0 ] ; then\n    # print error to STDERR\n    echo \"error: The sandbox is not in sync with the Podfile.lock. Run 'pod install' or update your CocoaPods installation.\" >&2\n    exit 1\nfi\n# This output is used by Xcode 'outputs' to avoid re-running this script phase.\necho \"SUCCESS\" > \"${SCRIPT_OUTPUT_FILE_0}\"\n";
			showEnvVarsInLog = 0;
		};
/* End PBXShellScriptBuildPhase section */

/* Begin PBXSourcesBuildPhase section */
		2934DBEB21FB54E100778B2F /* Sources */ = {
			isa = PBXSourcesBuildPhase;
			buildActionMask = 2147483647;
			files = (
				2934DC2721FB764C00778B2F /* ExampleDetailViewController.swift in Sources */,
				2934DC1721FB56C000778B2F /* ExampleTabCoordinator.swift in Sources */,
				2934DC3021FB7F9300778B2F /* Router.swift in Sources */,
				2934DC2B21FB775300778B2F /* ExampleModel.swift in Sources */,
				2934DC1F21FB646F00778B2F /* MainCoordinator.swift in Sources */,
				2934DC1921FB581D00778B2F /* Container.swift in Sources */,
				2934DC1421FB559C00778B2F /* Routes.swift in Sources */,
				2934DC2D21FB799D00778B2F /* ExampleDetailViewModel.swift in Sources */,
				2934DBF321FB54E100778B2F /* AppDelegate.swift in Sources */,
				2934DC2321FB735900778B2F /* ExampleModalCoordinator.swift in Sources */,
			);
			runOnlyForDeploymentPostprocessing = 0;
		};
		2934DBFF21FB54E400778B2F /* Sources */ = {
			isa = PBXSourcesBuildPhase;
			buildActionMask = 2147483647;
			files = (
				2934DC0821FB54E400778B2F /* ExampleTests.swift in Sources */,
			);
			runOnlyForDeploymentPostprocessing = 0;
		};
/* End PBXSourcesBuildPhase section */

/* Begin PBXTargetDependency section */
		2934DC0521FB54E400778B2F /* PBXTargetDependency */ = {
			isa = PBXTargetDependency;
			target = 2934DBEE21FB54E100778B2F /* Example */;
			targetProxy = 2934DC0421FB54E400778B2F /* PBXContainerItemProxy */;
		};
/* End PBXTargetDependency section */

/* Begin PBXVariantGroup section */
		2934DBFB21FB54E400778B2F /* LaunchScreen.storyboard */ = {
			isa = PBXVariantGroup;
			children = (
				2934DBFC21FB54E400778B2F /* Base */,
			);
			name = LaunchScreen.storyboard;
			sourceTree = "<group>";
		};
/* End PBXVariantGroup section */

/* Begin XCBuildConfiguration section */
		2934DC0A21FB54E400778B2F /* Debug */ = {
			isa = XCBuildConfiguration;
			buildSettings = {
				ALWAYS_SEARCH_USER_PATHS = NO;
				CLANG_ANALYZER_NONNULL = YES;
				CLANG_ANALYZER_NUMBER_OBJECT_CONVERSION = YES_AGGRESSIVE;
				CLANG_CXX_LANGUAGE_STANDARD = "gnu++14";
				CLANG_CXX_LIBRARY = "libc++";
				CLANG_ENABLE_MODULES = YES;
				CLANG_ENABLE_OBJC_ARC = YES;
				CLANG_ENABLE_OBJC_WEAK = YES;
				CLANG_WARN_BLOCK_CAPTURE_AUTORELEASING = YES;
				CLANG_WARN_BOOL_CONVERSION = YES;
				CLANG_WARN_COMMA = YES;
				CLANG_WARN_CONSTANT_CONVERSION = YES;
				CLANG_WARN_DEPRECATED_OBJC_IMPLEMENTATIONS = YES;
				CLANG_WARN_DIRECT_OBJC_ISA_USAGE = YES_ERROR;
				CLANG_WARN_DOCUMENTATION_COMMENTS = YES;
				CLANG_WARN_EMPTY_BODY = YES;
				CLANG_WARN_ENUM_CONVERSION = YES;
				CLANG_WARN_INFINITE_RECURSION = YES;
				CLANG_WARN_INT_CONVERSION = YES;
				CLANG_WARN_NON_LITERAL_NULL_CONVERSION = YES;
				CLANG_WARN_OBJC_IMPLICIT_RETAIN_SELF = YES;
				CLANG_WARN_OBJC_LITERAL_CONVERSION = YES;
				CLANG_WARN_OBJC_ROOT_CLASS = YES_ERROR;
				CLANG_WARN_RANGE_LOOP_ANALYSIS = YES;
				CLANG_WARN_STRICT_PROTOTYPES = YES;
				CLANG_WARN_SUSPICIOUS_MOVE = YES;
				CLANG_WARN_UNGUARDED_AVAILABILITY = YES_AGGRESSIVE;
				CLANG_WARN_UNREACHABLE_CODE = YES;
				CLANG_WARN__DUPLICATE_METHOD_MATCH = YES;
				CODE_SIGN_IDENTITY = "iPhone Developer";
				COPY_PHASE_STRIP = NO;
				DEBUG_INFORMATION_FORMAT = dwarf;
				ENABLE_STRICT_OBJC_MSGSEND = YES;
				ENABLE_TESTABILITY = YES;
				GCC_C_LANGUAGE_STANDARD = gnu11;
				GCC_DYNAMIC_NO_PIC = NO;
				GCC_NO_COMMON_BLOCKS = YES;
				GCC_OPTIMIZATION_LEVEL = 0;
				GCC_PREPROCESSOR_DEFINITIONS = (
					"DEBUG=1",
					"$(inherited)",
				);
				GCC_WARN_64_TO_32_BIT_CONVERSION = YES;
				GCC_WARN_ABOUT_RETURN_TYPE = YES_ERROR;
				GCC_WARN_UNDECLARED_SELECTOR = YES;
				GCC_WARN_UNINITIALIZED_AUTOS = YES_AGGRESSIVE;
				GCC_WARN_UNUSED_FUNCTION = YES;
				GCC_WARN_UNUSED_VARIABLE = YES;
				IPHONEOS_DEPLOYMENT_TARGET = 12.1;
				MTL_ENABLE_DEBUG_INFO = INCLUDE_SOURCE;
				MTL_FAST_MATH = YES;
				ONLY_ACTIVE_ARCH = YES;
				SDKROOT = iphoneos;
				SWIFT_ACTIVE_COMPILATION_CONDITIONS = DEBUG;
				SWIFT_OPTIMIZATION_LEVEL = "-Onone";
			};
			name = Debug;
		};
		2934DC0B21FB54E400778B2F /* Release */ = {
			isa = XCBuildConfiguration;
			buildSettings = {
				ALWAYS_SEARCH_USER_PATHS = NO;
				CLANG_ANALYZER_NONNULL = YES;
				CLANG_ANALYZER_NUMBER_OBJECT_CONVERSION = YES_AGGRESSIVE;
				CLANG_CXX_LANGUAGE_STANDARD = "gnu++14";
				CLANG_CXX_LIBRARY = "libc++";
				CLANG_ENABLE_MODULES = YES;
				CLANG_ENABLE_OBJC_ARC = YES;
				CLANG_ENABLE_OBJC_WEAK = YES;
				CLANG_WARN_BLOCK_CAPTURE_AUTORELEASING = YES;
				CLANG_WARN_BOOL_CONVERSION = YES;
				CLANG_WARN_COMMA = YES;
				CLANG_WARN_CONSTANT_CONVERSION = YES;
				CLANG_WARN_DEPRECATED_OBJC_IMPLEMENTATIONS = YES;
				CLANG_WARN_DIRECT_OBJC_ISA_USAGE = YES_ERROR;
				CLANG_WARN_DOCUMENTATION_COMMENTS = YES;
				CLANG_WARN_EMPTY_BODY = YES;
				CLANG_WARN_ENUM_CONVERSION = YES;
				CLANG_WARN_INFINITE_RECURSION = YES;
				CLANG_WARN_INT_CONVERSION = YES;
				CLANG_WARN_NON_LITERAL_NULL_CONVERSION = YES;
				CLANG_WARN_OBJC_IMPLICIT_RETAIN_SELF = YES;
				CLANG_WARN_OBJC_LITERAL_CONVERSION = YES;
				CLANG_WARN_OBJC_ROOT_CLASS = YES_ERROR;
				CLANG_WARN_RANGE_LOOP_ANALYSIS = YES;
				CLANG_WARN_STRICT_PROTOTYPES = YES;
				CLANG_WARN_SUSPICIOUS_MOVE = YES;
				CLANG_WARN_UNGUARDED_AVAILABILITY = YES_AGGRESSIVE;
				CLANG_WARN_UNREACHABLE_CODE = YES;
				CLANG_WARN__DUPLICATE_METHOD_MATCH = YES;
				CODE_SIGN_IDENTITY = "iPhone Developer";
				COPY_PHASE_STRIP = NO;
				DEBUG_INFORMATION_FORMAT = "dwarf-with-dsym";
				ENABLE_NS_ASSERTIONS = NO;
				ENABLE_STRICT_OBJC_MSGSEND = YES;
				GCC_C_LANGUAGE_STANDARD = gnu11;
				GCC_NO_COMMON_BLOCKS = YES;
				GCC_WARN_64_TO_32_BIT_CONVERSION = YES;
				GCC_WARN_ABOUT_RETURN_TYPE = YES_ERROR;
				GCC_WARN_UNDECLARED_SELECTOR = YES;
				GCC_WARN_UNINITIALIZED_AUTOS = YES_AGGRESSIVE;
				GCC_WARN_UNUSED_FUNCTION = YES;
				GCC_WARN_UNUSED_VARIABLE = YES;
				IPHONEOS_DEPLOYMENT_TARGET = 12.1;
				MTL_ENABLE_DEBUG_INFO = NO;
				MTL_FAST_MATH = YES;
				SDKROOT = iphoneos;
				SWIFT_COMPILATION_MODE = wholemodule;
				SWIFT_OPTIMIZATION_LEVEL = "-O";
				VALIDATE_PRODUCT = YES;
			};
			name = Release;
		};
		2934DC0D21FB54E400778B2F /* Debug */ = {
			isa = XCBuildConfiguration;
			baseConfigurationReference = 03DF07747399C7BB41E9AB56 /* Pods-Example.debug.xcconfig */;
			buildSettings = {
				ASSETCATALOG_COMPILER_APPICON_NAME = AppIcon;
				CODE_SIGN_STYLE = Automatic;
				INFOPLIST_FILE = Example/Info.plist;
				LD_RUNPATH_SEARCH_PATHS = (
					"$(inherited)",
					"@executable_path/Frameworks",
				);
				PRODUCT_BUNDLE_IDENTIFIER = example.bundle.example;
				PRODUCT_NAME = "$(TARGET_NAME)";
				SWIFT_VERSION = 4.2;
				TARGETED_DEVICE_FAMILY = "1,2";
			};
			name = Debug;
		};
		2934DC0E21FB54E400778B2F /* Release */ = {
			isa = XCBuildConfiguration;
			baseConfigurationReference = 1A5BDE99EF317CD3E9A7B70A /* Pods-Example.release.xcconfig */;
			buildSettings = {
				ASSETCATALOG_COMPILER_APPICON_NAME = AppIcon;
				CODE_SIGN_STYLE = Automatic;
				INFOPLIST_FILE = Example/Info.plist;
				LD_RUNPATH_SEARCH_PATHS = (
					"$(inherited)",
					"@executable_path/Frameworks",
				);
				PRODUCT_BUNDLE_IDENTIFIER = example.bundle.example;
				PRODUCT_NAME = "$(TARGET_NAME)";
				SWIFT_VERSION = 4.2;
				TARGETED_DEVICE_FAMILY = "1,2";
			};
			name = Release;
		};
		2934DC1021FB54E400778B2F /* Debug */ = {
			isa = XCBuildConfiguration;
			baseConfigurationReference = 482F6B601999F3583E05895F /* Pods-ExampleTests.debug.xcconfig */;
			buildSettings = {
				ALWAYS_EMBED_SWIFT_STANDARD_LIBRARIES = YES;
				BUNDLE_LOADER = "$(TEST_HOST)";
				CODE_SIGN_STYLE = Automatic;
				INFOPLIST_FILE = ExampleTests/Info.plist;
				LD_RUNPATH_SEARCH_PATHS = (
					"$(inherited)",
					"@executable_path/Frameworks",
					"@loader_path/Frameworks",
				);
				PRODUCT_BUNDLE_IDENTIFIER = example.bundle.ExampleTests;
				PRODUCT_NAME = "$(TARGET_NAME)";
				SWIFT_VERSION = 4.2;
				TARGETED_DEVICE_FAMILY = "1,2";
				TEST_HOST = "$(BUILT_PRODUCTS_DIR)/Example.app/Example";
			};
			name = Debug;
		};
		2934DC1121FB54E400778B2F /* Release */ = {
			isa = XCBuildConfiguration;
			baseConfigurationReference = 212216BB20346B85C622E789 /* Pods-ExampleTests.release.xcconfig */;
			buildSettings = {
				ALWAYS_EMBED_SWIFT_STANDARD_LIBRARIES = YES;
				BUNDLE_LOADER = "$(TEST_HOST)";
				CODE_SIGN_STYLE = Automatic;
				INFOPLIST_FILE = ExampleTests/Info.plist;
				LD_RUNPATH_SEARCH_PATHS = (
					"$(inherited)",
					"@executable_path/Frameworks",
					"@loader_path/Frameworks",
				);
				PRODUCT_BUNDLE_IDENTIFIER = example.bundle.ExampleTests;
				PRODUCT_NAME = "$(TARGET_NAME)";
				SWIFT_VERSION = 4.2;
				TARGETED_DEVICE_FAMILY = "1,2";
				TEST_HOST = "$(BUILT_PRODUCTS_DIR)/Example.app/Example";
			};
			name = Release;
		};
/* End XCBuildConfiguration section */

/* Begin XCConfigurationList section */
		2934DBEA21FB54E100778B2F /* Build configuration list for PBXProject "Example" */ = {
			isa = XCConfigurationList;
			buildConfigurations = (
				2934DC0A21FB54E400778B2F /* Debug */,
				2934DC0B21FB54E400778B2F /* Release */,
			);
			defaultConfigurationIsVisible = 0;
			defaultConfigurationName = Release;
		};
		2934DC0C21FB54E400778B2F /* Build configuration list for PBXNativeTarget "Example" */ = {
			isa = XCConfigurationList;
			buildConfigurations = (
				2934DC0D21FB54E400778B2F /* Debug */,
				2934DC0E21FB54E400778B2F /* Release */,
			);
			defaultConfigurationIsVisible = 0;
			defaultConfigurationName = Release;
		};
		2934DC0F21FB54E400778B2F /* Build configuration list for PBXNativeTarget "ExampleTests" */ = {
			isa = XCConfigurationList;
			buildConfigurations = (
				2934DC1021FB54E400778B2F /* Debug */,
				2934DC1121FB54E400778B2F /* Release */,
			);
			defaultConfigurationIsVisible = 0;
			defaultConfigurationName = Release;
		};
/* End XCConfigurationList section */
	};
	rootObject = 2934DBE721FB54E100778B2F /* Project object */;
}
